// !$*UTF8*$!
{
	archiveVersion = 1;
	classes = {
	};
	objectVersion = 46;
	objects = {

/* Begin PBXBuildFile section */
		772E14941F66627700113630 /* main.m in Sources */ = {isa = PBXBuildFile; fileRef = 772E14931F66627700113630 /* main.m */; };
		772E14971F66627700113630 /* AppDelegate.m in Sources */ = {isa = PBXBuildFile; fileRef = 772E14961F66627700113630 /* AppDelegate.m */; };
		772E149A1F66627700113630 /* ViewController.m in Sources */ = {isa = PBXBuildFile; fileRef = 772E14991F66627700113630 /* ViewController.m */; };
		772E149D1F66627700113630 /* Main.storyboard in Resources */ = {isa = PBXBuildFile; fileRef = 772E149B1F66627700113630 /* Main.storyboard */; };
		772E149F1F66627700113630 /* Assets.xcassets in Resources */ = {isa = PBXBuildFile; fileRef = 772E149E1F66627700113630 /* Assets.xcassets */; };
		772E14A21F66627700113630 /* LaunchScreen.storyboard in Resources */ = {isa = PBXBuildFile; fileRef = 772E14A01F66627700113630 /* LaunchScreen.storyboard */; };
		772E14AD1F66627800113630 /* VisibleBuildConfigTests.m in Sources */ = {isa = PBXBuildFile; fileRef = 772E14AC1F66627800113630 /* VisibleBuildConfigTests.m */; };
		772E14C81F67BA5400113630 /* VisibleBuildConfig.plist in Resources */ = {isa = PBXBuildFile; fileRef = 772E14C51F67BA5400113630 /* VisibleBuildConfig.plist */; };
		772E14C91F67BA5400113630 /* VisibleBuildConfig.m in Sources */ = {isa = PBXBuildFile; fileRef = 772E14C71F67BA5400113630 /* VisibleBuildConfig.m */; };
/* End PBXBuildFile section */

/* Begin PBXContainerItemProxy section */
		772E14A91F66627800113630 /* PBXContainerItemProxy */ = {
			isa = PBXContainerItemProxy;
			containerPortal = 772E14871F66627700113630 /* Project object */;
			proxyType = 1;
			remoteGlobalIDString = 772E148E1F66627700113630;
			remoteInfo = LPBuildConfig;
		};
/* End PBXContainerItemProxy section */

/* Begin PBXFileReference section */
		772E148F1F66627700113630 /* VisibleBuildConfig.app */ = {isa = PBXFileReference; explicitFileType = wrapper.application; includeInIndex = 0; path = VisibleBuildConfig.app; sourceTree = BUILT_PRODUCTS_DIR; };
		772E14931F66627700113630 /* main.m */ = {isa = PBXFileReference; lastKnownFileType = sourcecode.c.objc; path = main.m; sourceTree = "<group>"; };
		772E14951F66627700113630 /* AppDelegate.h */ = {isa = PBXFileReference; lastKnownFileType = sourcecode.c.h; path = AppDelegate.h; sourceTree = "<group>"; };
		772E14961F66627700113630 /* AppDelegate.m */ = {isa = PBXFileReference; lastKnownFileType = sourcecode.c.objc; path = AppDelegate.m; sourceTree = "<group>"; };
		772E14981F66627700113630 /* ViewController.h */ = {isa = PBXFileReference; lastKnownFileType = sourcecode.c.h; path = ViewController.h; sourceTree = "<group>"; };
		772E14991F66627700113630 /* ViewController.m */ = {isa = PBXFileReference; lastKnownFileType = sourcecode.c.objc; path = ViewController.m; sourceTree = "<group>"; };
		772E149C1F66627700113630 /* Base */ = {isa = PBXFileReference; lastKnownFileType = file.storyboard; name = Base; path = Base.lproj/Main.storyboard; sourceTree = "<group>"; };
		772E149E1F66627700113630 /* Assets.xcassets */ = {isa = PBXFileReference; lastKnownFileType = folder.assetcatalog; path = Assets.xcassets; sourceTree = "<group>"; };
		772E14A11F66627700113630 /* Base */ = {isa = PBXFileReference; lastKnownFileType = file.storyboard; name = Base; path = Base.lproj/LaunchScreen.storyboard; sourceTree = "<group>"; };
		772E14A31F66627700113630 /* Info.plist */ = {isa = PBXFileReference; lastKnownFileType = text.plist.xml; path = Info.plist; sourceTree = "<group>"; };
		772E14A81F66627800113630 /* VisibleBuildConfigTests.xctest */ = {isa = PBXFileReference; explicitFileType = wrapper.cfbundle; includeInIndex = 0; path = VisibleBuildConfigTests.xctest; sourceTree = BUILT_PRODUCTS_DIR; };
		772E14AC1F66627800113630 /* VisibleBuildConfigTests.m */ = {isa = PBXFileReference; lastKnownFileType = sourcecode.c.objc; path = VisibleBuildConfigTests.m; sourceTree = "<group>"; };
		772E14AE1F66627800113630 /* Info.plist */ = {isa = PBXFileReference; lastKnownFileType = text.plist.xml; path = Info.plist; sourceTree = "<group>"; };
		772E14C51F67BA5400113630 /* VisibleBuildConfig.plist */ = {isa = PBXFileReference; fileEncoding = 4; lastKnownFileType = text.plist.xml; path = VisibleBuildConfig.plist; sourceTree = "<group>"; };
		772E14C61F67BA5400113630 /* VisibleBuildConfig.h */ = {isa = PBXFileReference; fileEncoding = 4; lastKnownFileType = sourcecode.c.h; path = VisibleBuildConfig.h; sourceTree = "<group>"; };
		772E14C71F67BA5400113630 /* VisibleBuildConfig.m */ = {isa = PBXFileReference; fileEncoding = 4; lastKnownFileType = sourcecode.c.objc; path = VisibleBuildConfig.m; sourceTree = "<group>"; };
/* End PBXFileReference section */

/* Begin PBXFrameworksBuildPhase section */
		772E148C1F66627700113630 /* Frameworks */ = {
			isa = PBXFrameworksBuildPhase;
			buildActionMask = 2147483647;
			files = (
			);
			runOnlyForDeploymentPostprocessing = 0;
		};
		772E14A51F66627800113630 /* Frameworks */ = {
			isa = PBXFrameworksBuildPhase;
			buildActionMask = 2147483647;
			files = (
			);
			runOnlyForDeploymentPostprocessing = 0;
		};
/* End PBXFrameworksBuildPhase section */

/* Begin PBXGroup section */
		772E14861F66627700113630 = {
			isa = PBXGroup;
			children = (
				772E14911F66627700113630 /* VisibleBuildConfig */,
				772E14AB1F66627800113630 /* VisibleBuildConfigTests */,
				772E14901F66627700113630 /* Products */,
			);
			sourceTree = "<group>";
		};
		772E14901F66627700113630 /* Products */ = {
			isa = PBXGroup;
			children = (
				772E148F1F66627700113630 /* VisibleBuildConfig.app */,
				772E14A81F66627800113630 /* VisibleBuildConfigTests.xctest */,
			);
			name = Products;
			sourceTree = "<group>";
		};
		772E14911F66627700113630 /* VisibleBuildConfig */ = {
			isa = PBXGroup;
			children = (
				772E14C41F67BA5400113630 /* VisibleBuildConfig */,
				772E14951F66627700113630 /* AppDelegate.h */,
				772E14961F66627700113630 /* AppDelegate.m */,
				772E14981F66627700113630 /* ViewController.h */,
				772E14991F66627700113630 /* ViewController.m */,
				772E149B1F66627700113630 /* Main.storyboard */,
				772E149E1F66627700113630 /* Assets.xcassets */,
				772E14A01F66627700113630 /* LaunchScreen.storyboard */,
				772E14A31F66627700113630 /* Info.plist */,
				772E14921F66627700113630 /* Supporting Files */,
			);
			name = VisibleBuildConfig;
			path = LPBuildConfig;
			sourceTree = "<group>";
		};
		772E14921F66627700113630 /* Supporting Files */ = {
			isa = PBXGroup;
			children = (
				772E14931F66627700113630 /* main.m */,
			);
			name = "Supporting Files";
			sourceTree = "<group>";
		};
		772E14AB1F66627800113630 /* VisibleBuildConfigTests */ = {
			isa = PBXGroup;
			children = (
				772E14AC1F66627800113630 /* VisibleBuildConfigTests.m */,
				772E14AE1F66627800113630 /* Info.plist */,
			);
			name = VisibleBuildConfigTests;
			path = LPBuildConfigTests;
			sourceTree = "<group>";
		};
		772E14C41F67BA5400113630 /* VisibleBuildConfig */ = {
			isa = PBXGroup;
			children = (
				772E14C61F67BA5400113630 /* VisibleBuildConfig.h */,
				772E14C71F67BA5400113630 /* VisibleBuildConfig.m */,
				772E14C51F67BA5400113630 /* VisibleBuildConfig.plist */,
			);
			path = VisibleBuildConfig;
			sourceTree = "<group>";
		};
/* End PBXGroup section */

/* Begin PBXNativeTarget section */
		772E148E1F66627700113630 /* VisibleBuildConfig */ = {
			isa = PBXNativeTarget;
			buildConfigurationList = 772E14B11F66627800113630 /* Build configuration list for PBXNativeTarget "VisibleBuildConfig" */;
			buildPhases = (
				772E148B1F66627700113630 /* Sources */,
				772E148C1F66627700113630 /* Frameworks */,
				772E148D1F66627700113630 /* Resources */,
			);
			buildRules = (
			);
			dependencies = (
			);
			name = VisibleBuildConfig;
			productName = LPBuildConfig;
			productReference = 772E148F1F66627700113630 /* VisibleBuildConfig.app */;
			productType = "com.apple.product-type.application";
		};
		772E14A71F66627800113630 /* VisibleBuildConfigTests */ = {
			isa = PBXNativeTarget;
			buildConfigurationList = 772E14B41F66627800113630 /* Build configuration list for PBXNativeTarget "VisibleBuildConfigTests" */;
			buildPhases = (
				772E14A41F66627800113630 /* Sources */,
				772E14A51F66627800113630 /* Frameworks */,
				772E14A61F66627800113630 /* Resources */,
			);
			buildRules = (
			);
			dependencies = (
				772E14AA1F66627800113630 /* PBXTargetDependency */,
			);
			name = VisibleBuildConfigTests;
			productName = LPBuildConfigTests;
			productReference = 772E14A81F66627800113630 /* VisibleBuildConfigTests.xctest */;
			productType = "com.apple.product-type.bundle.unit-test";
		};
/* End PBXNativeTarget section */

/* Begin PBXProject section */
		772E14871F66627700113630 /* Project object */ = {
			isa = PBXProject;
			attributes = {
				LastUpgradeCheck = 0830;
				TargetAttributes = {
					772E148E1F66627700113630 = {
						CreatedOnToolsVersion = 8.3.3;
						DevelopmentTeam = S5VJ77ZCZR;
						ProvisioningStyle = Automatic;
					};
					772E14A71F66627800113630 = {
						CreatedOnToolsVersion = 8.3.3;
						DevelopmentTeam = S5VJ77ZCZR;
						ProvisioningStyle = Automatic;
						TestTargetID = 772E148E1F66627700113630;
					};
				};
			};
			buildConfigurationList = 772E148A1F66627700113630 /* Build configuration list for PBXProject "VisibleBuildConfig" */;
			compatibilityVersion = "Xcode 3.2";
			developmentRegion = English;
			hasScannedForEncodings = 0;
			knownRegions = (
				en,
				Base,
			);
			mainGroup = 772E14861F66627700113630;
			productRefGroup = 772E14901F66627700113630 /* Products */;
			projectDirPath = "";
			projectRoot = "";
			targets = (
				772E148E1F66627700113630 /* VisibleBuildConfig */,
				772E14A71F66627800113630 /* VisibleBuildConfigTests */,
			);
		};
/* End PBXProject section */

/* Begin PBXResourcesBuildPhase section */
		772E148D1F66627700113630 /* Resources */ = {
			isa = PBXResourcesBuildPhase;
			buildActionMask = 2147483647;
			files = (
				772E14A21F66627700113630 /* LaunchScreen.storyboard in Resources */,
				772E149F1F66627700113630 /* Assets.xcassets in Resources */,
				772E149D1F66627700113630 /* Main.storyboard in Resources */,
				772E14C81F67BA5400113630 /* VisibleBuildConfig.plist in Resources */,
			);
			runOnlyForDeploymentPostprocessing = 0;
		};
		772E14A61F66627800113630 /* Resources */ = {
			isa = PBXResourcesBuildPhase;
			buildActionMask = 2147483647;
			files = (
			);
			runOnlyForDeploymentPostprocessing = 0;
		};
/* End PBXResourcesBuildPhase section */

/* Begin PBXSourcesBuildPhase section */
		772E148B1F66627700113630 /* Sources */ = {
			isa = PBXSourcesBuildPhase;
			buildActionMask = 2147483647;
			files = (
				772E149A1F66627700113630 /* ViewController.m in Sources */,
				772E14971F66627700113630 /* AppDelegate.m in Sources */,
				772E14941F66627700113630 /* main.m in Sources */,
				772E14C91F67BA5400113630 /* VisibleBuildConfig.m in Sources */,
			);
			runOnlyForDeploymentPostprocessing = 0;
		};
		772E14A41F66627800113630 /* Sources */ = {
			isa = PBXSourcesBuildPhase;
			buildActionMask = 2147483647;
			files = (
				772E14AD1F66627800113630 /* VisibleBuildConfigTests.m in Sources */,
			);
			runOnlyForDeploymentPostprocessing = 0;
		};
/* End PBXSourcesBuildPhase section */

/* Begin PBXTargetDependency section */
		772E14AA1F66627800113630 /* PBXTargetDependency */ = {
			isa = PBXTargetDependency;
			target = 772E148E1F66627700113630 /* VisibleBuildConfig */;
			targetProxy = 772E14A91F66627800113630 /* PBXContainerItemProxy */;
		};
/* End PBXTargetDependency section */

/* Begin PBXVariantGroup section */
		772E149B1F66627700113630 /* Main.storyboard */ = {
			isa = PBXVariantGroup;
			children = (
				772E149C1F66627700113630 /* Base */,
			);
			name = Main.storyboard;
			sourceTree = "<group>";
		};
		772E14A01F66627700113630 /* LaunchScreen.storyboard */ = {
			isa = PBXVariantGroup;
			children = (
				772E14A11F66627700113630 /* Base */,
			);
			name = LaunchScreen.storyboard;
			sourceTree = "<group>";
		};
/* End PBXVariantGroup section */

/* Begin XCBuildConfiguration section */
		772E14AF1F66627800113630 /* Debug */ = {
			isa = XCBuildConfiguration;
			buildSettings = {
				ALWAYS_SEARCH_USER_PATHS = NO;
				CLANG_ANALYZER_NONNULL = YES;
				CLANG_ANALYZER_NUMBER_OBJECT_CONVERSION = YES_AGGRESSIVE;
				CLANG_CXX_LANGUAGE_STANDARD = "gnu++0x";
				CLANG_CXX_LIBRARY = "libc++";
				CLANG_ENABLE_MODULES = YES;
				CLANG_ENABLE_OBJC_ARC = YES;
				CLANG_WARN_BOOL_CONVERSION = YES;
				CLANG_WARN_CONSTANT_CONVERSION = YES;
				CLANG_WARN_DIRECT_OBJC_ISA_USAGE = YES_ERROR;
				CLANG_WARN_DOCUMENTATION_COMMENTS = YES;
				CLANG_WARN_EMPTY_BODY = YES;
				CLANG_WARN_ENUM_CONVERSION = YES;
				CLANG_WARN_INFINITE_RECURSION = YES;
				CLANG_WARN_INT_CONVERSION = YES;
				CLANG_WARN_OBJC_ROOT_CLASS = YES_ERROR;
				CLANG_WARN_SUSPICIOUS_MOVE = YES;
				CLANG_WARN_UNREACHABLE_CODE = YES;
				CLANG_WARN__DUPLICATE_METHOD_MATCH = YES;
				"CODE_SIGN_IDENTITY[sdk=iphoneos*]" = "iPhone Developer";
				COPY_PHASE_STRIP = NO;
				DEBUG_INFORMATION_FORMAT = dwarf;
				ENABLE_STRICT_OBJC_MSGSEND = YES;
				ENABLE_TESTABILITY = YES;
				GCC_C_LANGUAGE_STANDARD = gnu99;
				GCC_DYNAMIC_NO_PIC = NO;
				GCC_NO_COMMON_BLOCKS = YES;
				GCC_OPTIMIZATION_LEVEL = 0;
				GCC_PREPROCESSOR_DEFINITIONS = (
					"DEBUG=1",
					"$(inherited)",
				);
				GCC_WARN_64_TO_32_BIT_CONVERSION = YES;
				GCC_WARN_ABOUT_RETURN_TYPE = YES_ERROR;
				GCC_WARN_UNDECLARED_SELECTOR = YES;
				GCC_WARN_UNINITIALIZED_AUTOS = YES_AGGRESSIVE;
				GCC_WARN_UNUSED_FUNCTION = YES;
				GCC_WARN_UNUSED_VARIABLE = YES;
				IPHONEOS_DEPLOYMENT_TARGET = 10.3;
				MTL_ENABLE_DEBUG_INFO = YES;
				ONLY_ACTIVE_ARCH = YES;
				SDKROOT = iphoneos;
			};
			name = Debug;
		};
		772E14B01F66627800113630 /* Release */ = {
			isa = XCBuildConfiguration;
			buildSettings = {
				ALWAYS_SEARCH_USER_PATHS = NO;
				CLANG_ANALYZER_NONNULL = YES;
				CLANG_ANALYZER_NUMBER_OBJECT_CONVERSION = YES_AGGRESSIVE;
				CLANG_CXX_LANGUAGE_STANDARD = "gnu++0x";
				CLANG_CXX_LIBRARY = "libc++";
				CLANG_ENABLE_MODULES = YES;
				CLANG_ENABLE_OBJC_ARC = YES;
				CLANG_WARN_BOOL_CONVERSION = YES;
				CLANG_WARN_CONSTANT_CONVERSION = YES;
				CLANG_WARN_DIRECT_OBJC_ISA_USAGE = YES_ERROR;
				CLANG_WARN_DOCUMENTATION_COMMENTS = YES;
				CLANG_WARN_EMPTY_BODY = YES;
				CLANG_WARN_ENUM_CONVERSION = YES;
				CLANG_WARN_INFINITE_RECURSION = YES;
				CLANG_WARN_INT_CONVERSION = YES;
				CLANG_WARN_OBJC_ROOT_CLASS = YES_ERROR;
				CLANG_WARN_SUSPICIOUS_MOVE = YES;
				CLANG_WARN_UNREACHABLE_CODE = YES;
				CLANG_WARN__DUPLICATE_METHOD_MATCH = YES;
				"CODE_SIGN_IDENTITY[sdk=iphoneos*]" = "iPhone Developer";
				COPY_PHASE_STRIP = NO;
				DEBUG_INFORMATION_FORMAT = "dwarf-with-dsym";
				ENABLE_NS_ASSERTIONS = NO;
				ENABLE_STRICT_OBJC_MSGSEND = YES;
				GCC_C_LANGUAGE_STANDARD = gnu99;
				GCC_NO_COMMON_BLOCKS = YES;
				GCC_WARN_64_TO_32_BIT_CONVERSION = YES;
				GCC_WARN_ABOUT_RETURN_TYPE = YES_ERROR;
				GCC_WARN_UNDECLARED_SELECTOR = YES;
				GCC_WARN_UNINITIALIZED_AUTOS = YES_AGGRESSIVE;
				GCC_WARN_UNUSED_FUNCTION = YES;
				GCC_WARN_UNUSED_VARIABLE = YES;
				IPHONEOS_DEPLOYMENT_TARGET = 10.3;
				MTL_ENABLE_DEBUG_INFO = NO;
				SDKROOT = iphoneos;
				VALIDATE_PRODUCT = YES;
			};
			name = Release;
		};
		772E14B21F66627800113630 /* Debug */ = {
			isa = XCBuildConfiguration;
			buildSettings = {
				ASSETCATALOG_COMPILER_APPICON_NAME = AppIcon;
				DEVELOPMENT_TEAM = S5VJ77ZCZR;
				INFOPLIST_FILE = LPBuildConfig/Info.plist;
				IPHONEOS_DEPLOYMENT_TARGET = 8.0;
				LD_RUNPATH_SEARCH_PATHS = "$(inherited) @executable_path/Frameworks";
				PRODUCT_BUNDLE_IDENTIFIER = com.ant20.fortest;
				PRODUCT_NAME = "$(TARGET_NAME)";
			};
			name = Debug;
		};
		772E14B31F66627800113630 /* Release */ = {
			isa = XCBuildConfiguration;
			buildSettings = {
				ASSETCATALOG_COMPILER_APPICON_NAME = AppIcon;
				DEVELOPMENT_TEAM = S5VJ77ZCZR;
				INFOPLIST_FILE = LPBuildConfig/Info.plist;
				IPHONEOS_DEPLOYMENT_TARGET = 8.0;
				LD_RUNPATH_SEARCH_PATHS = "$(inherited) @executable_path/Frameworks";
				PRODUCT_BUNDLE_IDENTIFIER = com.ant20.fortest;
				PRODUCT_NAME = "$(TARGET_NAME)";
			};
			name = Release;
		};
		772E14B51F66627800113630 /* Debug */ = {
			isa = XCBuildConfiguration;
			buildSettings = {
				BUNDLE_LOADER = "$(TEST_HOST)";
				DEVELOPMENT_TEAM = S5VJ77ZCZR;
				INFOPLIST_FILE = LPBuildConfigTests/Info.plist;
				LD_RUNPATH_SEARCH_PATHS = "$(inherited) @executable_path/Frameworks @loader_path/Frameworks";
				PRODUCT_BUNDLE_IDENTIFIER = com.ant20.fortest.LPBuildConfigTests;
				PRODUCT_NAME = "$(TARGET_NAME)";
				TEST_HOST = "$(BUILT_PRODUCTS_DIR)/VisibleBuildConfig.app/VisibleBuildConfig";
			};
			name = Debug;
		};
		772E14B61F66627800113630 /* Release */ = {
			isa = XCBuildConfiguration;
			buildSettings = {
				BUNDLE_LOADER = "$(TEST_HOST)";
				DEVELOPMENT_TEAM = S5VJ77ZCZR;
				INFOPLIST_FILE = LPBuildConfigTests/Info.plist;
				LD_RUNPATH_SEARCH_PATHS = "$(inherited) @executable_path/Frameworks @loader_path/Frameworks";
				PRODUCT_BUNDLE_IDENTIFIER = com.ant20.fortest.LPBuildConfigTests;
				PRODUCT_NAME = "$(TARGET_NAME)";
				TEST_HOST = "$(BUILT_PRODUCTS_DIR)/VisibleBuildConfig.app/VisibleBuildConfig";
			};
			name = Release;
		};
/* End XCBuildConfiguration section */

/* Begin XCConfigurationList section */
		772E148A1F66627700113630 /* Build configuration list for PBXProject "VisibleBuildConfig" */ = {
			isa = XCConfigurationList;
			buildConfigurations = (
				772E14AF1F66627800113630 /* Debug */,
				772E14B01F66627800113630 /* Release */,
			);
			defaultConfigurationIsVisible = 0;
			defaultConfigurationName = Release;
		};
		772E14B11F66627800113630 /* Build configuration list for PBXNativeTarget "VisibleBuildConfig" */ = {
			isa = XCConfigurationList;
			buildConfigurations = (
				772E14B21F66627800113630 /* Debug */,
				772E14B31F66627800113630 /* Release */,
			);
			defaultConfigurationIsVisible = 0;
		};
		772E14B41F66627800113630 /* Build configuration list for PBXNativeTarget "VisibleBuildConfigTests" */ = {
			isa = XCConfigurationList;
			buildConfigurations = (
				772E14B51F66627800113630 /* Debug */,
				772E14B61F66627800113630 /* Release */,
			);
			defaultConfigurationIsVisible = 0;
		};
/* End XCConfigurationList section */
	};
	rootObject = 772E14871F66627700113630 /* Project object */;
}
